// !$*UTF8*$!
{
	archiveVersion = 1;
	classes = {
	};
	objectVersion = 46;
	objects = {

/* Begin PBXBuildFile section */
		DFFD25701E0528A9004A9B68 /* main.m in Sources */ = {isa = PBXBuildFile; fileRef = DFFD256F1E0528A9004A9B68 /* main.m */; };
		DFFD25731E0528A9004A9B68 /* AppDelegate.m in Sources */ = {isa = PBXBuildFile; fileRef = DFFD25721E0528A9004A9B68 /* AppDelegate.m */; };
		DFFD25761E0528A9004A9B68 /* ViewController.m in Sources */ = {isa = PBXBuildFile; fileRef = DFFD25751E0528A9004A9B68 /* ViewController.m */; };
		DFFD25791E0528A9004A9B68 /* Main.storyboard in Resources */ = {isa = PBXBuildFile; fileRef = DFFD25771E0528A9004A9B68 /* Main.storyboard */; };
		DFFD257B1E0528A9004A9B68 /* Assets.xcassets in Resources */ = {isa = PBXBuildFile; fileRef = DFFD257A1E0528A9004A9B68 /* Assets.xcassets */; };
		DFFD257E1E0528A9004A9B68 /* LaunchScreen.storyboard in Resources */ = {isa = PBXBuildFile; fileRef = DFFD257C1E0528A9004A9B68 /* LaunchScreen.storyboard */; };
		DFFD25891E0528A9004A9B68 /* DeckingCalculatorProTests.m in Sources */ = {isa = PBXBuildFile; fileRef = DFFD25881E0528A9004A9B68 /* DeckingCalculatorProTests.m */; };
		DFFD25941E0528A9004A9B68 /* DeckingCalculatorProUITests.m in Sources */ = {isa = PBXBuildFile; fileRef = DFFD25931E0528A9004A9B68 /* DeckingCalculatorProUITests.m */; };
/* End PBXBuildFile section */

/* Begin PBXContainerItemProxy section */
		DFFD25851E0528A9004A9B68 /* PBXContainerItemProxy */ = {
			isa = PBXContainerItemProxy;
			containerPortal = DFFD25631E0528A8004A9B68 /* Project object */;
			proxyType = 1;
			remoteGlobalIDString = DFFD256A1E0528A8004A9B68;
			remoteInfo = DeckingCalculatorPro;
		};
		DFFD25901E0528A9004A9B68 /* PBXContainerItemProxy */ = {
			isa = PBXContainerItemProxy;
			containerPortal = DFFD25631E0528A8004A9B68 /* Project object */;
			proxyType = 1;
			remoteGlobalIDString = DFFD256A1E0528A8004A9B68;
			remoteInfo = DeckingCalculatorPro;
		};
/* End PBXContainerItemProxy section */

/* Begin PBXFileReference section */
		DFFD256B1E0528A8004A9B68 /* DeckingCalculatorPro.app */ = {isa = PBXFileReference; explicitFileType = wrapper.application; includeInIndex = 0; path = DeckingCalculatorPro.app; sourceTree = BUILT_PRODUCTS_DIR; };
		DFFD256F1E0528A9004A9B68 /* main.m */ = {isa = PBXFileReference; lastKnownFileType = sourcecode.c.objc; path = main.m; sourceTree = "<group>"; };
		DFFD25711E0528A9004A9B68 /* AppDelegate.h */ = {isa = PBXFileReference; lastKnownFileType = sourcecode.c.h; path = AppDelegate.h; sourceTree = "<group>"; };
		DFFD25721E0528A9004A9B68 /* AppDelegate.m */ = {isa = PBXFileReference; lastKnownFileType = sourcecode.c.objc; path = AppDelegate.m; sourceTree = "<group>"; };
		DFFD25741E0528A9004A9B68 /* ViewController.h */ = {isa = PBXFileReference; lastKnownFileType = sourcecode.c.h; path = ViewController.h; sourceTree = "<group>"; };
		DFFD25751E0528A9004A9B68 /* ViewController.m */ = {isa = PBXFileReference; lastKnownFileType = sourcecode.c.objc; path = ViewController.m; sourceTree = "<group>"; };
		DFFD25781E0528A9004A9B68 /* Base */ = {isa = PBXFileReference; lastKnownFileType = file.storyboard; name = Base; path = Base.lproj/Main.storyboard; sourceTree = "<group>"; };
		DFFD257A1E0528A9004A9B68 /* Assets.xcassets */ = {isa = PBXFileReference; lastKnownFileType = folder.assetcatalog; path = Assets.xcassets; sourceTree = "<group>"; };
		DFFD257D1E0528A9004A9B68 /* Base */ = {isa = PBXFileReference; lastKnownFileType = file.storyboard; name = Base; path = Base.lproj/LaunchScreen.storyboard; sourceTree = "<group>"; };
		DFFD257F1E0528A9004A9B68 /* Info.plist */ = {isa = PBXFileReference; lastKnownFileType = text.plist.xml; path = Info.plist; sourceTree = "<group>"; };
		DFFD25841E0528A9004A9B68 /* DeckingCalculatorProTests.xctest */ = {isa = PBXFileReference; explicitFileType = wrapper.cfbundle; includeInIndex = 0; path = DeckingCalculatorProTests.xctest; sourceTree = BUILT_PRODUCTS_DIR; };
		DFFD25881E0528A9004A9B68 /* DeckingCalculatorProTests.m */ = {isa = PBXFileReference; lastKnownFileType = sourcecode.c.objc; path = DeckingCalculatorProTests.m; sourceTree = "<group>"; };
		DFFD258A1E0528A9004A9B68 /* Info.plist */ = {isa = PBXFileReference; lastKnownFileType = text.plist.xml; path = Info.plist; sourceTree = "<group>"; };
		DFFD258F1E0528A9004A9B68 /* DeckingCalculatorProUITests.xctest */ = {isa = PBXFileReference; explicitFileType = wrapper.cfbundle; includeInIndex = 0; path = DeckingCalculatorProUITests.xctest; sourceTree = BUILT_PRODUCTS_DIR; };
		DFFD25931E0528A9004A9B68 /* DeckingCalculatorProUITests.m */ = {isa = PBXFileReference; lastKnownFileType = sourcecode.c.objc; path = DeckingCalculatorProUITests.m; sourceTree = "<group>"; };
		DFFD25951E0528A9004A9B68 /* Info.plist */ = {isa = PBXFileReference; lastKnownFileType = text.plist.xml; path = Info.plist; sourceTree = "<group>"; };
/* End PBXFileReference section */

/* Begin PBXFrameworksBuildPhase section */
		DFFD25681E0528A8004A9B68 /* Frameworks */ = {
			isa = PBXFrameworksBuildPhase;
			buildActionMask = 2147483647;
			files = (
			);
			runOnlyForDeploymentPostprocessing = 0;
		};
		DFFD25811E0528A9004A9B68 /* Frameworks */ = {
			isa = PBXFrameworksBuildPhase;
			buildActionMask = 2147483647;
			files = (
			);
			runOnlyForDeploymentPostprocessing = 0;
		};
		DFFD258C1E0528A9004A9B68 /* Frameworks */ = {
			isa = PBXFrameworksBuildPhase;
			buildActionMask = 2147483647;
			files = (
			);
			runOnlyForDeploymentPostprocessing = 0;
		};
/* End PBXFrameworksBuildPhase section */

/* Begin PBXGroup section */
		DFFD25621E0528A8004A9B68 = {
			isa = PBXGroup;
			children = (
				DFFD256D1E0528A9004A9B68 /* DeckingCalculatorPro */,
				DFFD25871E0528A9004A9B68 /* DeckingCalculatorProTests */,
				DFFD25921E0528A9004A9B68 /* DeckingCalculatorProUITests */,
				DFFD256C1E0528A8004A9B68 /* Products */,
			);
			sourceTree = "<group>";
		};
		DFFD256C1E0528A8004A9B68 /* Products */ = {
			isa = PBXGroup;
			children = (
				DFFD256B1E0528A8004A9B68 /* DeckingCalculatorPro.app */,
				DFFD25841E0528A9004A9B68 /* DeckingCalculatorProTests.xctest */,
				DFFD258F1E0528A9004A9B68 /* DeckingCalculatorProUITests.xctest */,
			);
			name = Products;
			sourceTree = "<group>";
		};
		DFFD256D1E0528A9004A9B68 /* DeckingCalculatorPro */ = {
			isa = PBXGroup;
			children = (
				DFFD25711E0528A9004A9B68 /* AppDelegate.h */,
				DFFD25721E0528A9004A9B68 /* AppDelegate.m */,
				DFFD25741E0528A9004A9B68 /* ViewController.h */,
				DFFD25751E0528A9004A9B68 /* ViewController.m */,
				DFFD25771E0528A9004A9B68 /* Main.storyboard */,
				DFFD257A1E0528A9004A9B68 /* Assets.xcassets */,
				DFFD257C1E0528A9004A9B68 /* LaunchScreen.storyboard */,
				DFFD257F1E0528A9004A9B68 /* Info.plist */,
				DFFD256E1E0528A9004A9B68 /* Supporting Files */,
			);
			path = DeckingCalculatorPro;
			sourceTree = "<group>";
		};
		DFFD256E1E0528A9004A9B68 /* Supporting Files */ = {
			isa = PBXGroup;
			children = (
				DFFD256F1E0528A9004A9B68 /* main.m */,
			);
			name = "Supporting Files";
			sourceTree = "<group>";
		};
		DFFD25871E0528A9004A9B68 /* DeckingCalculatorProTests */ = {
			isa = PBXGroup;
			children = (
				DFFD25881E0528A9004A9B68 /* DeckingCalculatorProTests.m */,
				DFFD258A1E0528A9004A9B68 /* Info.plist */,
			);
			path = DeckingCalculatorProTests;
			sourceTree = "<group>";
		};
		DFFD25921E0528A9004A9B68 /* DeckingCalculatorProUITests */ = {
			isa = PBXGroup;
			children = (
				DFFD25931E0528A9004A9B68 /* DeckingCalculatorProUITests.m */,
				DFFD25951E0528A9004A9B68 /* Info.plist */,
			);
			path = DeckingCalculatorProUITests;
			sourceTree = "<group>";
		};
/* End PBXGroup section */

/* Begin PBXNativeTarget section */
		DFFD256A1E0528A8004A9B68 /* DeckingCalculatorPro */ = {
			isa = PBXNativeTarget;
			buildConfigurationList = DFFD25981E0528A9004A9B68 /* Build configuration list for PBXNativeTarget "DeckingCalculatorPro" */;
			buildPhases = (
				DFFD25671E0528A8004A9B68 /* Sources */,
				DFFD25681E0528A8004A9B68 /* Frameworks */,
				DFFD25691E0528A8004A9B68 /* Resources */,
			);
			buildRules = (
			);
			dependencies = (
			);
			name = DeckingCalculatorPro;
			productName = DeckingCalculatorPro;
			productReference = DFFD256B1E0528A8004A9B68 /* DeckingCalculatorPro.app */;
			productType = "com.apple.product-type.application";
		};
		DFFD25831E0528A9004A9B68 /* DeckingCalculatorProTests */ = {
			isa = PBXNativeTarget;
			buildConfigurationList = DFFD259B1E0528A9004A9B68 /* Build configuration list for PBXNativeTarget "DeckingCalculatorProTests" */;
			buildPhases = (
				DFFD25801E0528A9004A9B68 /* Sources */,
				DFFD25811E0528A9004A9B68 /* Frameworks */,
				DFFD25821E0528A9004A9B68 /* Resources */,
			);
			buildRules = (
			);
			dependencies = (
				DFFD25861E0528A9004A9B68 /* PBXTargetDependency */,
			);
			name = DeckingCalculatorProTests;
			productName = DeckingCalculatorProTests;
			productReference = DFFD25841E0528A9004A9B68 /* DeckingCalculatorProTests.xctest */;
			productType = "com.apple.product-type.bundle.unit-test";
		};
		DFFD258E1E0528A9004A9B68 /* DeckingCalculatorProUITests */ = {
			isa = PBXNativeTarget;
			buildConfigurationList = DFFD259E1E0528A9004A9B68 /* Build configuration list for PBXNativeTarget "DeckingCalculatorProUITests" */;
			buildPhases = (
				DFFD258B1E0528A9004A9B68 /* Sources */,
				DFFD258C1E0528A9004A9B68 /* Frameworks */,
				DFFD258D1E0528A9004A9B68 /* Resources */,
			);
			buildRules = (
			);
			dependencies = (
				DFFD25911E0528A9004A9B68 /* PBXTargetDependency */,
			);
			name = DeckingCalculatorProUITests;
			productName = DeckingCalculatorProUITests;
			productReference = DFFD258F1E0528A9004A9B68 /* DeckingCalculatorProUITests.xctest */;
			productType = "com.apple.product-type.bundle.ui-testing";
		};
/* End PBXNativeTarget section */

/* Begin PBXProject section */
		DFFD25631E0528A8004A9B68 /* Project object */ = {
			isa = PBXProject;
			attributes = {
				LastUpgradeCheck = 0730;
				ORGANIZATIONNAME = lichuncheng;
				TargetAttributes = {
					DFFD256A1E0528A8004A9B68 = {
						CreatedOnToolsVersion = 7.3.1;
					};
					DFFD25831E0528A9004A9B68 = {
						CreatedOnToolsVersion = 7.3.1;
						TestTargetID = DFFD256A1E0528A8004A9B68;
					};
					DFFD258E1E0528A9004A9B68 = {
						CreatedOnToolsVersion = 7.3.1;
						TestTargetID = DFFD256A1E0528A8004A9B68;
					};
				};
			};
			buildConfigurationList = DFFD25661E0528A8004A9B68 /* Build configuration list for PBXProject "DeckingCalculatorPro" */;
			compatibilityVersion = "Xcode 3.2";
			developmentRegion = English;
			hasScannedForEncodings = 0;
			knownRegions = (
				en,
				Base,
			);
			mainGroup = DFFD25621E0528A8004A9B68;
			productRefGroup = DFFD256C1E0528A8004A9B68 /* Products */;
			projectDirPath = "";
			projectRoot = "";
			targets = (
				DFFD256A1E0528A8004A9B68 /* DeckingCalculatorPro */,
				DFFD25831E0528A9004A9B68 /* DeckingCalculatorProTests */,
				DFFD258E1E0528A9004A9B68 /* DeckingCalculatorProUITests */,
			);
		};
/* End PBXProject section */

/* Begin PBXResourcesBuildPhase section */
		DFFD25691E0528A8004A9B68 /* Resources */ = {
			isa = PBXResourcesBuildPhase;
			buildActionMask = 2147483647;
			files = (
				DFFD257E1E0528A9004A9B68 /* LaunchScreen.storyboard in Resources */,
				DFFD257B1E0528A9004A9B68 /* Assets.xcassets in Resources */,
				DFFD25791E0528A9004A9B68 /* Main.storyboard in Resources */,
			);
			runOnlyForDeploymentPostprocessing = 0;
		};
		DFFD25821E0528A9004A9B68 /* Resources */ = {
			isa = PBXResourcesBuildPhase;
			buildActionMask = 2147483647;
			files = (
			);
			runOnlyForDeploymentPostprocessing = 0;
		};
		DFFD258D1E0528A9004A9B68 /* Resources */ = {
			isa = PBXResourcesBuildPhase;
			buildActionMask = 2147483647;
			files = (
			);
			runOnlyForDeploymentPostprocessing = 0;
		};
/* End PBXResourcesBuildPhase section */

/* Begin PBXSourcesBuildPhase section */
		DFFD25671E0528A8004A9B68 /* Sources */ = {
			isa = PBXSourcesBuildPhase;
			buildActionMask = 2147483647;
			files = (
				DFFD25761E0528A9004A9B68 /* ViewController.m in Sources */,
				DFFD25731E0528A9004A9B68 /* AppDelegate.m in Sources */,
				DFFD25701E0528A9004A9B68 /* main.m in Sources */,
			);
			runOnlyForDeploymentPostprocessing = 0;
		};
		DFFD25801E0528A9004A9B68 /* Sources */ = {
			isa = PBXSourcesBuildPhase;
			buildActionMask = 2147483647;
			files = (
				DFFD25891E0528A9004A9B68 /* DeckingCalculatorProTests.m in Sources */,
			);
			runOnlyForDeploymentPostprocessing = 0;
		};
		DFFD258B1E0528A9004A9B68 /* Sources */ = {
			isa = PBXSourcesBuildPhase;
			buildActionMask = 2147483647;
			files = (
				DFFD25941E0528A9004A9B68 /* DeckingCalculatorProUITests.m in Sources */,
			);
			runOnlyForDeploymentPostprocessing = 0;
		};
/* End PBXSourcesBuildPhase section */

/* Begin PBXTargetDependency section */
		DFFD25861E0528A9004A9B68 /* PBXTargetDependency */ = {
			isa = PBXTargetDependency;
			target = DFFD256A1E0528A8004A9B68 /* DeckingCalculatorPro */;
			targetProxy = DFFD25851E0528A9004A9B68 /* PBXContainerItemProxy */;
		};
		DFFD25911E0528A9004A9B68 /* PBXTargetDependency */ = {
			isa = PBXTargetDependency;
			target = DFFD256A1E0528A8004A9B68 /* DeckingCalculatorPro */;
			targetProxy = DFFD25901E0528A9004A9B68 /* PBXContainerItemProxy */;
		};
/* End PBXTargetDependency section */

/* Begin PBXVariantGroup section */
		DFFD25771E0528A9004A9B68 /* Main.storyboard */ = {
			isa = PBXVariantGroup;
			children = (
				DFFD25781E0528A9004A9B68 /* Base */,
			);
			name = Main.storyboard;
			sourceTree = "<group>";
		};
		DFFD257C1E0528A9004A9B68 /* LaunchScreen.storyboard */ = {
			isa = PBXVariantGroup;
			children = (
				DFFD257D1E0528A9004A9B68 /* Base */,
			);
			name = LaunchScreen.storyboard;
			sourceTree = "<group>";
		};
/* End PBXVariantGroup section */

/* Begin XCBuildConfiguration section */
		DFFD25961E0528A9004A9B68 /* Debug */ = {
			isa = XCBuildConfiguration;
			buildSettings = {
				ALWAYS_SEARCH_USER_PATHS = NO;
				CLANG_ANALYZER_NONNULL = YES;
				CLANG_CXX_LANGUAGE_STANDARD = "gnu++0x";
				CLANG_CXX_LIBRARY = "libc++";
				CLANG_ENABLE_MODULES = YES;
				CLANG_ENABLE_OBJC_ARC = YES;
				CLANG_WARN_BOOL_CONVERSION = YES;
				CLANG_WARN_CONSTANT_CONVERSION = YES;
				CLANG_WARN_DIRECT_OBJC_ISA_USAGE = YES_ERROR;
				CLANG_WARN_EMPTY_BODY = YES;
				CLANG_WARN_ENUM_CONVERSION = YES;
				CLANG_WARN_INT_CONVERSION = YES;
				CLANG_WARN_OBJC_ROOT_CLASS = YES_ERROR;
				CLANG_WARN_UNREACHABLE_CODE = YES;
				CLANG_WARN__DUPLICATE_METHOD_MATCH = YES;
				"CODE_SIGN_IDENTITY[sdk=iphoneos*]" = "iPhone Developer";
				COPY_PHASE_STRIP = NO;
				DEBUG_INFORMATION_FORMAT = dwarf;
				ENABLE_STRICT_OBJC_MSGSEND = YES;
				ENABLE_TESTABILITY = YES;
				GCC_C_LANGUAGE_STANDARD = gnu99;
				GCC_DYNAMIC_NO_PIC = NO;
				GCC_NO_COMMON_BLOCKS = YES;
				GCC_OPTIMIZATION_LEVEL = 0;
				GCC_PREPROCESSOR_DEFINITIONS = (
					"DEBUG=1",
					"$(inherited)",
				);
				GCC_WARN_64_TO_32_BIT_CONVERSION = YES;
				GCC_WARN_ABOUT_RETURN_TYPE = YES_ERROR;
				GCC_WARN_UNDECLARED_SELECTOR = YES;
				GCC_WARN_UNINITIALIZED_AUTOS = YES_AGGRESSIVE;
				GCC_WARN_UNUSED_FUNCTION = YES;
				GCC_WARN_UNUSED_VARIABLE = YES;
				IPHONEOS_DEPLOYMENT_TARGET = 9.3;
				MTL_ENABLE_DEBUG_INFO = YES;
				ONLY_ACTIVE_ARCH = YES;
				SDKROOT = iphoneos;
				TARGETED_DEVICE_FAMILY = "1,2";
			};
			name = Debug;
		};
		DFFD25971E0528A9004A9B68 /* Release */ = {
			isa = XCBuildConfiguration;
			buildSettings = {
				ALWAYS_SEARCH_USER_PATHS = NO;
				CLANG_ANALYZER_NONNULL = YES;
				CLANG_CXX_LANGUAGE_STANDARD = "gnu++0x";
				CLANG_CXX_LIBRARY = "libc++";
				CLANG_ENABLE_MODULES = YES;
				CLANG_ENABLE_OBJC_ARC = YES;
				CLANG_WARN_BOOL_CONVERSION = YES;
				CLANG_WARN_CONSTANT_CONVERSION = YES;
				CLANG_WARN_DIRECT_OBJC_ISA_USAGE = YES_ERROR;
				CLANG_WARN_EMPTY_BODY = YES;
				CLANG_WARN_ENUM_CONVERSION = YES;
				CLANG_WARN_INT_CONVERSION = YES;
				CLANG_WARN_OBJC_ROOT_CLASS = YES_ERROR;
				CLANG_WARN_UNREACHABLE_CODE = YES;
				CLANG_WARN__DUPLICATE_METHOD_MATCH = YES;
				"CODE_SIGN_IDENTITY[sdk=iphoneos*]" = "iPhone Developer";
				COPY_PHASE_STRIP = NO;
				DEBUG_INFORMATION_FORMAT = "dwarf-with-dsym";
				ENABLE_NS_ASSERTIONS = NO;
				ENABLE_STRICT_OBJC_MSGSEND = YES;
				GCC_C_LANGUAGE_STANDARD = gnu99;
				GCC_NO_COMMON_BLOCKS = YES;
				GCC_WARN_64_TO_32_BIT_CONVERSION = YES;
				GCC_WARN_ABOUT_RETURN_TYPE = YES_ERROR;
				GCC_WARN_UNDECLARED_SELECTOR = YES;
				GCC_WARN_UNINITIALIZED_AUTOS = YES_AGGRESSIVE;
				GCC_WARN_UNUSED_FUNCTION = YES;
				GCC_WARN_UNUSED_VARIABLE = YES;
				IPHONEOS_DEPLOYMENT_TARGET = 9.3;
				MTL_ENABLE_DEBUG_INFO = NO;
				SDKROOT = iphoneos;
				TARGETED_DEVICE_FAMILY = "1,2";
				VALIDATE_PRODUCT = YES;
			};
			name = Release;
		};
		DFFD25991E0528A9004A9B68 /* Debug */ = {
			isa = XCBuildConfiguration;
			buildSettings = {
				ASSETCATALOG_COMPILER_APPICON_NAME = AppIcon;
				INFOPLIST_FILE = DeckingCalculatorPro/Info.plist;
				LD_RUNPATH_SEARCH_PATHS = "$(inherited) @executable_path/Frameworks";
				PRODUCT_BUNDLE_IDENTIFIER = com.builder.deckingcalculator.DeckingCalculatorPro;
				PRODUCT_NAME = "$(TARGET_NAME)";
			};
			name = Debug;
		};
		DFFD259A1E0528A9004A9B68 /* Release */ = {
			isa = XCBuildConfiguration;
			buildSettings = {
				ASSETCATALOG_COMPILER_APPICON_NAME = AppIcon;
				INFOPLIST_FILE = DeckingCalculatorPro/Info.plist;
				LD_RUNPATH_SEARCH_PATHS = "$(inherited) @executable_path/Frameworks";
				PRODUCT_BUNDLE_IDENTIFIER = com.builder.deckingcalculator.DeckingCalculatorPro;
				PRODUCT_NAME = "$(TARGET_NAME)";
			};
			name = Release;
		};
		DFFD259C1E0528A9004A9B68 /* Debug */ = {
			isa = XCBuildConfiguration;
			buildSettings = {
				BUNDLE_LOADER = "$(TEST_HOST)";
				INFOPLIST_FILE = DeckingCalculatorProTests/Info.plist;
				LD_RUNPATH_SEARCH_PATHS = "$(inherited) @executable_path/Frameworks @loader_path/Frameworks";
				PRODUCT_BUNDLE_IDENTIFIER = com.builder.deckingcalculator.DeckingCalculatorProTests;
				PRODUCT_NAME = "$(TARGET_NAME)";
				TEST_HOST = "$(BUILT_PRODUCTS_DIR)/DeckingCalculatorPro.app/DeckingCalculatorPro";
			};
			name = Debug;
		};
		DFFD259D1E0528A9004A9B68 /* Release */ = {
			isa = XCBuildConfiguration;
			buildSettings = {
				BUNDLE_LOADER = "$(TEST_HOST)";
				INFOPLIST_FILE = DeckingCalculatorProTests/Info.plist;
				LD_RUNPATH_SEARCH_PATHS = "$(inherited) @executable_path/Frameworks @loader_path/Frameworks";
				PRODUCT_BUNDLE_IDENTIFIER = com.builder.deckingcalculator.DeckingCalculatorProTests;
				PRODUCT_NAME = "$(TARGET_NAME)";
				TEST_HOST = "$(BUILT_PRODUCTS_DIR)/DeckingCalculatorPro.app/DeckingCalculatorPro";
			};
			name = Release;
		};
		DFFD259F1E0528A9004A9B68 /* Debug */ = {
			isa = XCBuildConfiguration;
			buildSettings = {
				INFOPLIST_FILE = DeckingCalculatorProUITests/Info.plist;
				LD_RUNPATH_SEARCH_PATHS = "$(inherited) @executable_path/Frameworks @loader_path/Frameworks";
				PRODUCT_BUNDLE_IDENTIFIER = com.builder.deckingcalculator.DeckingCalculatorProUITests;
				PRODUCT_NAME = "$(TARGET_NAME)";
				TEST_TARGET_NAME = DeckingCalculatorPro;
			};
			name = Debug;
		};
		DFFD25A01E0528A9004A9B68 /* Release */ = {
			isa = XCBuildConfiguration;
			buildSettings = {
				INFOPLIST_FILE = DeckingCalculatorProUITests/Info.plist;
				LD_RUNPATH_SEARCH_PATHS = "$(inherited) @executable_path/Frameworks @loader_path/Frameworks";
				PRODUCT_BUNDLE_IDENTIFIER = com.builder.deckingcalculator.DeckingCalculatorProUITests;
				PRODUCT_NAME = "$(TARGET_NAME)";
				TEST_TARGET_NAME = DeckingCalculatorPro;
			};
			name = Release;
		};
/* End XCBuildConfiguration section */

/* Begin XCConfigurationList section */
		DFFD25661E0528A8004A9B68 /* Build configuration list for PBXProject "DeckingCalculatorPro" */ = {
			isa = XCConfigurationList;
			buildConfigurations = (
				DFFD25961E0528A9004A9B68 /* Debug */,
				DFFD25971E0528A9004A9B68 /* Release */,
			);
			defaultConfigurationIsVisible = 0;
			defaultConfigurationName = Release;
		};
		DFFD25981E0528A9004A9B68 /* Build configuration list for PBXNativeTarget "DeckingCalculatorPro" */ = {
			isa = XCConfigurationList;
			buildConfigurations = (
				DFFD25991E0528A9004A9B68 /* Debug */,
				DFFD259A1E0528A9004A9B68 /* Release */,
			);
			defaultConfigurationIsVisible = 0;
		};
		DFFD259B1E0528A9004A9B68 /* Build configuration list for PBXNativeTarget "DeckingCalculatorProTests" */ = {
			isa = XCConfigurationList;
			buildConfigurations = (
				DFFD259C1E0528A9004A9B68 /* Debug */,
				DFFD259D1E0528A9004A9B68 /* Release */,
			);
			defaultConfigurationIsVisible = 0;
		};
		DFFD259E1E0528A9004A9B68 /* Build configuration list for PBXNativeTarget "DeckingCalculatorProUITests" */ = {
			isa = XCConfigurationList;
			buildConfigurations = (
				DFFD259F1E0528A9004A9B68 /* Debug */,
				DFFD25A01E0528A9004A9B68 /* Release */,
			);
			defaultConfigurationIsVisible = 0;
		};
/* End XCConfigurationList section */
	};
	rootObject = DFFD25631E0528A8004A9B68 /* Project object */;
}
